
Microsoft Visual Studio Solution File, Format Version 12.00
# Visual Studio 15
VisualStudioVersion = 15.0.27004.2010
MinimumVisualStudioVersion = 10.0.40219.1
Project("{FAE04EC0-301F-11D3-BF4B-00C04F79EFBC}") = "InventoryService", "InventoryService\InventoryService.csproj", "{38B830FD-AD3D-4148-8270-F85B71D7201C}"
EndProject
Project("{FAE04EC0-301F-11D3-BF4B-00C04F79EFBC}") = "InventoryClient", "InventoryClient\InventoryClient.csproj", "{8B7E0DFA-3E62-4B8E-AED6-3A5EF92EB01D}"
EndProject
Global
	GlobalSection(SolutionConfigurationPlatforms) = preSolution
		Debug|Any CPU = Debug|Any CPU
		Release|Any CPU = Release|Any CPU
	EndGlobalSection
	GlobalSection(ProjectConfigurationPlatforms) = postSolution
		{38B830FD-AD3D-4148-8270-F85B71D7201C}.Debug|Any CPU.ActiveCfg = Debug|Any CPU
		{38B830FD-AD3D-4148-8270-F85B71D7201C}.Debug|Any CPU.Build.0 = Debug|Any CPU
		{38B830FD-AD3D-4148-8270-F85B71D7201C}.Release|Any CPU.ActiveCfg = Release|Any CPU
		{38B830FD-AD3D-4148-8270-F85B71D7201C}.Release|Any CPU.Build.0 = Release|Any CPU
		{8B7E0DFA-3E62-4B8E-AED6-3A5EF92EB01D}.Debug|Any CPU.ActiveCfg = Debug|Any CPU
		{8B7E0DFA-3E62-4B8E-AED6-3A5EF92EB01D}.Debug|Any CPU.Build.0 = Debug|Any CPU
		{8B7E0DFA-3E62-4B8E-AED6-3A5EF92EB01D}.Release|Any CPU.ActiveCfg = Release|Any CPU
		{8B7E0DFA-3E62-4B8E-AED6-3A5EF92EB01D}.Release|Any CPU.Build.0 = Release|Any CPU
	EndGlobalSection
	GlobalSection(SolutionProperties) = preSolution
		HideSolutionNode = FALSE
	EndGlobalSection
	GlobalSection(ExtensibilityGlobals) = postSolution
		SolutionGuid = {54F97409-582C-42A0-B767-8830191DD7AB}
	EndGlobalSection
EndGlobal
